{
  "pins" : [
    {
      "identity" : "uihostingconfigurationbackport",
      "kind" : "remoteSourceControl",
      "location" : "https://github.com/woxtu/UIHostingConfigurationBackport",
      "state" : {
        "revision" : "6091f2d38faa4b24fc2ca0389c651e2f666624a3",
        "version" : "0.1.0"
      }
    }
  ],
  "version" : 2
}
